lockfileVersion: '9.0'

settings:
  autoInstallPeers: true
  excludeLinksFromLockfile: false

importers:

  .:
    dependencies:
      '@shopify/app-bridge-react':
        specifier: ^4.2.7
        version: 4.2.7(react-dom@19.2.0(react@19.2.0))(react@19.2.0)

packages:

  '@shopify/app-bridge-react@4.2.7':
    resolution: {integrity: sha512-cS05go0fqeTu3VD2i9TpFkXkAIbpuEdNGXatpF1jMfakK2sjHo0C2F/Cgu8kY0M0DS/ViwEpyAv8+Mey8c0srQ==}
    peerDependencies:
      react: '*'
      react-dom: '*'

  '@shopify/app-bridge-types@0.5.3':
    resolution: {integrity: sha512-wj5pPqk4bQsFU6AQUo6SwyQ3zqBgodvxt7fWzRYakeHGG/YWeDv1uoNYjhSVm0jT80Wy18EObSMQTocUSgpqPA==}

  '@standard-schema/spec@1.0.0':
    resolution: {integrity: sha512-m2bOd0f2RT9k8QJx1JN85cZYyH1RqFBdlwtkSlf4tBDYLCiiZnv1fIIwacK6cqwXavOydf0NPToMQgpKq+dVlA==}

  react-dom@19.2.0:
    resolution: {integrity: sha512-UlbRu4cAiGaIewkPyiRGJk0imDN2T3JjieT6spoL2UeSf5od4n5LB/mQ4ejmxhCFT1tYe8IvaFulzynWovsEFQ==}
    peerDependencies:
      react: ^19.2.0

  react@19.2.0:
    resolution: {integrity: sha512-tmbWg6W31tQLeB5cdIBOicJDJRR2KzXsV7uSK9iNfLWQ5bIZfxuPEHp7M8wiHyHnn0DD1i7w3Zmin0FtkrwoCQ==}
    engines: {node: '>=0.10.0'}

  scheduler@0.27.0:
    resolution: {integrity: sha512-eNv+WrVbKu1f3vbYJT/xtiF5syA5HPIMtf9IgY/nKg0sWqzAUEvqY/xm7OcZc/qafLx/iO9FgOmeSAp4v5ti/Q==}

snapshots:

  '@shopify/app-bridge-react@4.2.7(react-dom@19.2.0(react@19.2.0))(react@19.2.0)':
    dependencies:
      '@shopify/app-bridge-types': 0.5.3
      react: 19.2.0
      react-dom: 19.2.0(react@19.2.0)

  '@shopify/app-bridge-types@0.5.3':
    dependencies:
      '@standard-schema/spec': 1.0.0

  '@standard-schema/spec@1.0.0': {}

  react-dom@19.2.0(react@19.2.0):
    dependencies:
      react: 19.2.0
      scheduler: 0.27.0

  react@19.2.0: {}

  scheduler@0.27.0: {}
